// !$*UTF8*$!
{
	archiveVersion = 1;
	classes = {
	};
	objectVersion = 55;
	objects = {

/* Begin PBXBuildFile section */
		5F50AF3C275E1CA7004B0045 /* AppDelegate.swift in Sources */ = {isa = PBXBuildFile; fileRef = 5F50AF3B275E1CA7004B0045 /* AppDelegate.swift */; };
		5F50AF3E275E1CA7004B0045 /* SceneDelegate.swift in Sources */ = {isa = PBXBuildFile; fileRef = 5F50AF3D275E1CA7004B0045 /* SceneDelegate.swift */; };
		5F50AF40275E1CA7004B0045 /* ViewController.swift in Sources */ = {isa = PBXBuildFile; fileRef = 5F50AF3F275E1CA7004B0045 /* ViewController.swift */; };
		5F50AF43275E1CA7004B0045 /* Main.storyboard in Resources */ = {isa = PBXBuildFile; fileRef = 5F50AF41275E1CA7004B0045 /* Main.storyboard */; };
		5F50AF45275E1CAF004B0045 /* Assets.xcassets in Resources */ = {isa = PBXBuildFile; fileRef = 5F50AF44275E1CAF004B0045 /* Assets.xcassets */; };
		5F50AF48275E1CAF004B0045 /* LaunchScreen.storyboard in Resources */ = {isa = PBXBuildFile; fileRef = 5F50AF46275E1CAF004B0045 /* LaunchScreen.storyboard */; };
		5F50AF53275E1CB0004B0045 /* TipsterTests.swift in Sources */ = {isa = PBXBuildFile; fileRef = 5F50AF52275E1CB0004B0045 /* TipsterTests.swift */; };
		5F50AF5D275E1CB0004B0045 /* TipsterUITests.swift in Sources */ = {isa = PBXBuildFile; fileRef = 5F50AF5C275E1CB0004B0045 /* TipsterUITests.swift */; };
		5F50AF5F275E1CB0004B0045 /* TipsterUITestsLaunchTests.swift in Sources */ = {isa = PBXBuildFile; fileRef = 5F50AF5E275E1CB0004B0045 /* TipsterUITestsLaunchTests.swift */; };
/* End PBXBuildFile section */

/* Begin PBXContainerItemProxy section */
		5F50AF4F275E1CB0004B0045 /* PBXContainerItemProxy */ = {
			isa = PBXContainerItemProxy;
			containerPortal = 5F50AF30275E1CA6004B0045 /* Project object */;
			proxyType = 1;
			remoteGlobalIDString = 5F50AF37275E1CA7004B0045;
			remoteInfo = Tipster;
		};
		5F50AF59275E1CB0004B0045 /* PBXContainerItemProxy */ = {
			isa = PBXContainerItemProxy;
			containerPortal = 5F50AF30275E1CA6004B0045 /* Project object */;
			proxyType = 1;
			remoteGlobalIDString = 5F50AF37275E1CA7004B0045;
			remoteInfo = Tipster;
		};
/* End PBXContainerItemProxy section */

/* Begin PBXFileReference section */
		5F50AF38275E1CA7004B0045 /* Tipster.app */ = {isa = PBXFileReference; explicitFileType = wrapper.application; includeInIndex = 0; path = Tipster.app; sourceTree = BUILT_PRODUCTS_DIR; };
		5F50AF3B275E1CA7004B0045 /* AppDelegate.swift */ = {isa = PBXFileReference; lastKnownFileType = sourcecode.swift; path = AppDelegate.swift; sourceTree = "<group>"; };
		5F50AF3D275E1CA7004B0045 /* SceneDelegate.swift */ = {isa = PBXFileReference; lastKnownFileType = sourcecode.swift; path = SceneDelegate.swift; sourceTree = "<group>"; };
		5F50AF3F275E1CA7004B0045 /* ViewController.swift */ = {isa = PBXFileReference; lastKnownFileType = sourcecode.swift; path = ViewController.swift; sourceTree = "<group>"; };
		5F50AF42275E1CA7004B0045 /* Base */ = {isa = PBXFileReference; lastKnownFileType = file.storyboard; name = Base; path = Base.lproj/Main.storyboard; sourceTree = "<group>"; };
		5F50AF44275E1CAF004B0045 /* Assets.xcassets */ = {isa = PBXFileReference; lastKnownFileType = folder.assetcatalog; path = Assets.xcassets; sourceTree = "<group>"; };
		5F50AF47275E1CAF004B0045 /* Base */ = {isa = PBXFileReference; lastKnownFileType = file.storyboard; name = Base; path = Base.lproj/LaunchScreen.storyboard; sourceTree = "<group>"; };
		5F50AF49275E1CAF004B0045 /* Info.plist */ = {isa = PBXFileReference; lastKnownFileType = text.plist.xml; path = Info.plist; sourceTree = "<group>"; };
		5F50AF4E275E1CB0004B0045 /* TipsterTests.xctest */ = {isa = PBXFileReference; explicitFileType = wrapper.cfbundle; includeInIndex = 0; path = TipsterTests.xctest; sourceTree = BUILT_PRODUCTS_DIR; };
		5F50AF52275E1CB0004B0045 /* TipsterTests.swift */ = {isa = PBXFileReference; lastKnownFileType = sourcecode.swift; path = TipsterTests.swift; sourceTree = "<group>"; };
		5F50AF58275E1CB0004B0045 /* TipsterUITests.xctest */ = {isa = PBXFileReference; explicitFileType = wrapper.cfbundle; includeInIndex = 0; path = TipsterUITests.xctest; sourceTree = BUILT_PRODUCTS_DIR; };
		5F50AF5C275E1CB0004B0045 /* TipsterUITests.swift */ = {isa = PBXFileReference; lastKnownFileType = sourcecode.swift; path = TipsterUITests.swift; sourceTree = "<group>"; };
		5F50AF5E275E1CB0004B0045 /* TipsterUITestsLaunchTests.swift */ = {isa = PBXFileReference; lastKnownFileType = sourcecode.swift; path = TipsterUITestsLaunchTests.swift; sourceTree = "<group>"; };
/* End PBXFileReference section */

/* Begin PBXFrameworksBuildPhase section */
		5F50AF35275E1CA7004B0045 /* Frameworks */ = {
			isa = PBXFrameworksBuildPhase;
			buildActionMask = 2147483647;
			files = (
			);
			runOnlyForDeploymentPostprocessing = 0;
		};
		5F50AF4B275E1CB0004B0045 /* Frameworks */ = {
			isa = PBXFrameworksBuildPhase;
			buildActionMask = 2147483647;
			files = (
			);
			runOnlyForDeploymentPostprocessing = 0;
		};
		5F50AF55275E1CB0004B0045 /* Frameworks */ = {
			isa = PBXFrameworksBuildPhase;
			buildActionMask = 2147483647;
			files = (
			);
			runOnlyForDeploymentPostprocessing = 0;
		};
/* End PBXFrameworksBuildPhase section */

/* Begin PBXGroup section */
		5F50AF2F275E1CA6004B0045 = {
			isa = PBXGroup;
			children = (
				5F50AF3A275E1CA7004B0045 /* Tipster */,
				5F50AF51275E1CB0004B0045 /* TipsterTests */,
				5F50AF5B275E1CB0004B0045 /* TipsterUITests */,
				5F50AF39275E1CA7004B0045 /* Products */,
			);
			sourceTree = "<group>";
		};
		5F50AF39275E1CA7004B0045 /* Products */ = {
			isa = PBXGroup;
			children = (
				5F50AF38275E1CA7004B0045 /* Tipster.app */,
				5F50AF4E275E1CB0004B0045 /* TipsterTests.xctest */,
				5F50AF58275E1CB0004B0045 /* TipsterUITests.xctest */,
			);
			name = Products;
			sourceTree = "<group>";
		};
		5F50AF3A275E1CA7004B0045 /* Tipster */ = {
			isa = PBXGroup;
			children = (
				5F50AF3B275E1CA7004B0045 /* AppDelegate.swift */,
				5F50AF3D275E1CA7004B0045 /* SceneDelegate.swift */,
				5F50AF3F275E1CA7004B0045 /* ViewController.swift */,
				5F50AF41275E1CA7004B0045 /* Main.storyboard */,
				5F50AF44275E1CAF004B0045 /* Assets.xcassets */,
				5F50AF46275E1CAF004B0045 /* LaunchScreen.storyboard */,
				5F50AF49275E1CAF004B0045 /* Info.plist */,
			);
			path = Tipster;
			sourceTree = "<group>";
		};
		5F50AF51275E1CB0004B0045 /* TipsterTests */ = {
			isa = PBXGroup;
			children = (
				5F50AF52275E1CB0004B0045 /* TipsterTests.swift */,
			);
			path = TipsterTests;
			sourceTree = "<group>";
		};
		5F50AF5B275E1CB0004B0045 /* TipsterUITests */ = {
			isa = PBXGroup;
			children = (
				5F50AF5C275E1CB0004B0045 /* TipsterUITests.swift */,
				5F50AF5E275E1CB0004B0045 /* TipsterUITestsLaunchTests.swift */,
			);
			path = TipsterUITests;
			sourceTree = "<group>";
		};
/* End PBXGroup section */

/* Begin PBXNativeTarget section */
		5F50AF37275E1CA7004B0045 /* Tipster */ = {
			isa = PBXNativeTarget;
			buildConfigurationList = 5F50AF62275E1CB0004B0045 /* Build configuration list for PBXNativeTarget "Tipster" */;
			buildPhases = (
				5F50AF34275E1CA7004B0045 /* Sources */,
				5F50AF35275E1CA7004B0045 /* Frameworks */,
				5F50AF36275E1CA7004B0045 /* Resources */,
			);
			buildRules = (
			);
			dependencies = (
			);
			name = Tipster;
			productName = Tipster;
			productReference = 5F50AF38275E1CA7004B0045 /* Tipster.app */;
			productType = "com.apple.product-type.application";
		};
		5F50AF4D275E1CB0004B0045 /* TipsterTests */ = {
			isa = PBXNativeTarget;
			buildConfigurationList = 5F50AF65275E1CB0004B0045 /* Build configuration list for PBXNativeTarget "TipsterTests" */;
			buildPhases = (
				5F50AF4A275E1CB0004B0045 /* Sources */,
				5F50AF4B275E1CB0004B0045 /* Frameworks */,
				5F50AF4C275E1CB0004B0045 /* Resources */,
			);
			buildRules = (
			);
			dependencies = (
				5F50AF50275E1CB0004B0045 /* PBXTargetDependency */,
			);
			name = TipsterTests;
			productName = TipsterTests;
			productReference = 5F50AF4E275E1CB0004B0045 /* TipsterTests.xctest */;
			productType = "com.apple.product-type.bundle.unit-test";
		};
		5F50AF57275E1CB0004B0045 /* TipsterUITests */ = {
			isa = PBXNativeTarget;
			buildConfigurationList = 5F50AF68275E1CB0004B0045 /* Build configuration list for PBXNativeTarget "TipsterUITests" */;
			buildPhases = (
				5F50AF54275E1CB0004B0045 /* Sources */,
				5F50AF55275E1CB0004B0045 /* Frameworks */,
				5F50AF56275E1CB0004B0045 /* Resources */,
			);
			buildRules = (
			);
			dependencies = (
				5F50AF5A275E1CB0004B0045 /* PBXTargetDependency */,
			);
			name = TipsterUITests;
			productName = TipsterUITests;
			productReference = 5F50AF58275E1CB0004B0045 /* TipsterUITests.xctest */;
			productType = "com.apple.product-type.bundle.ui-testing";
		};
/* End PBXNativeTarget section */

/* Begin PBXProject section */
		5F50AF30275E1CA6004B0045 /* Project object */ = {
			isa = PBXProject;
			attributes = {
				BuildIndependentTargetsInParallel = 1;
				LastSwiftUpdateCheck = 1310;
				LastUpgradeCheck = 1310;
				TargetAttributes = {
					5F50AF37275E1CA7004B0045 = {
						CreatedOnToolsVersion = 13.1;
					};
					5F50AF4D275E1CB0004B0045 = {
						CreatedOnToolsVersion = 13.1;
						TestTargetID = 5F50AF37275E1CA7004B0045;
					};
					5F50AF57275E1CB0004B0045 = {
						CreatedOnToolsVersion = 13.1;
						TestTargetID = 5F50AF37275E1CA7004B0045;
					};
				};
			};
			buildConfigurationList = 5F50AF33275E1CA6004B0045 /* Build configuration list for PBXProject "Tipster" */;
			compatibilityVersion = "Xcode 13.0";
			developmentRegion = en;
			hasScannedForEncodings = 0;
			knownRegions = (
				en,
				Base,
			);
			mainGroup = 5F50AF2F275E1CA6004B0045;
			productRefGroup = 5F50AF39275E1CA7004B0045 /* Products */;
			projectDirPath = "";
			projectRoot = "";
			targets = (
				5F50AF37275E1CA7004B0045 /* Tipster */,
				5F50AF4D275E1CB0004B0045 /* TipsterTests */,
				5F50AF57275E1CB0004B0045 /* TipsterUITests */,
			);
		};
/* End PBXProject section */

/* Begin PBXResourcesBuildPhase section */
		5F50AF36275E1CA7004B0045 /* Resources */ = {
			isa = PBXResourcesBuildPhase;
			buildActionMask = 2147483647;
			files = (
				5F50AF48275E1CAF004B0045 /* LaunchScreen.storyboard in Resources */,
				5F50AF45275E1CAF004B0045 /* Assets.xcassets in Resources */,
				5F50AF43275E1CA7004B0045 /* Main.storyboard in Resources */,
			);
			runOnlyForDeploymentPostprocessing = 0;
		};
		5F50AF4C275E1CB0004B0045 /* Resources */ = {
			isa = PBXResourcesBuildPhase;
			buildActionMask = 2147483647;
			files = (
			);
			runOnlyForDeploymentPostprocessing = 0;
		};
		5F50AF56275E1CB0004B0045 /* Resources */ = {
			isa = PBXResourcesBuildPhase;
			buildActionMask = 2147483647;
			files = (
			);
			runOnlyForDeploymentPostprocessing = 0;
		};
/* End PBXResourcesBuildPhase section */

/* Begin PBXSourcesBuildPhase section */
		5F50AF34275E1CA7004B0045 /* Sources */ = {
			isa = PBXSourcesBuildPhase;
			buildActionMask = 2147483647;
			files = (
				5F50AF40275E1CA7004B0045 /* ViewController.swift in Sources */,
				5F50AF3C275E1CA7004B0045 /* AppDelegate.swift in Sources */,
				5F50AF3E275E1CA7004B0045 /* SceneDelegate.swift in Sources */,
			);
			runOnlyForDeploymentPostprocessing = 0;
		};
		5F50AF4A275E1CB0004B0045 /* Sources */ = {
			isa = PBXSourcesBuildPhase;
			buildActionMask = 2147483647;
			files = (
				5F50AF53275E1CB0004B0045 /* TipsterTests.swift in Sources */,
			);
			runOnlyForDeploymentPostprocessing = 0;
		};
		5F50AF54275E1CB0004B0045 /* Sources */ = {
			isa = PBXSourcesBuildPhase;
			buildActionMask = 2147483647;
			files = (
				5F50AF5F275E1CB0004B0045 /* TipsterUITestsLaunchTests.swift in Sources */,
				5F50AF5D275E1CB0004B0045 /* TipsterUITests.swift in Sources */,
			);
			runOnlyForDeploymentPostprocessing = 0;
		};
/* End PBXSourcesBuildPhase section */

/* Begin PBXTargetDependency section */
		5F50AF50275E1CB0004B0045 /* PBXTargetDependency */ = {
			isa = PBXTargetDependency;
			target = 5F50AF37275E1CA7004B0045 /* Tipster */;
			targetProxy = 5F50AF4F275E1CB0004B0045 /* PBXContainerItemProxy */;
		};
		5F50AF5A275E1CB0004B0045 /* PBXTargetDependency */ = {
			isa = PBXTargetDependency;
			target = 5F50AF37275E1CA7004B0045 /* Tipster */;
			targetProxy = 5F50AF59275E1CB0004B0045 /* PBXContainerItemProxy */;
		};
/* End PBXTargetDependency section */

/* Begin PBXVariantGroup section */
		5F50AF41275E1CA7004B0045 /* Main.storyboard */ = {
			isa = PBXVariantGroup;
			children = (
				5F50AF42275E1CA7004B0045 /* Base */,
			);
			name = Main.storyboard;
			sourceTree = "<group>";
		};
		5F50AF46275E1CAF004B0045 /* LaunchScreen.storyboard */ = {
			isa = PBXVariantGroup;
			children = (
				5F50AF47275E1CAF004B0045 /* Base */,
			);
			name = LaunchScreen.storyboard;
			sourceTree = "<group>";
		};
/* End PBXVariantGroup section */

/* Begin XCBuildConfiguration section */
		5F50AF60275E1CB0004B0045 /* Debug */ = {
			isa = XCBuildConfiguration;
			buildSettings = {
				ALWAYS_SEARCH_USER_PATHS = NO;
				CLANG_ANALYZER_NONNULL = YES;
				CLANG_ANALYZER_NUMBER_OBJECT_CONVERSION = YES_AGGRESSIVE;
				CLANG_CXX_LANGUAGE_STANDARD = "gnu++17";
				CLANG_CXX_LIBRARY = "libc++";
				CLANG_ENABLE_MODULES = YES;
				CLANG_ENABLE_OBJC_ARC = YES;
				CLANG_ENABLE_OBJC_WEAK = YES;
				CLANG_WARN_BLOCK_CAPTURE_AUTORELEASING = YES;
				CLANG_WARN_BOOL_CONVERSION = YES;
				CLANG_WARN_COMMA = YES;
				CLANG_WARN_CONSTANT_CONVERSION = YES;
				CLANG_WARN_DEPRECATED_OBJC_IMPLEMENTATIONS = YES;
				CLANG_WARN_DIRECT_OBJC_ISA_USAGE = YES_ERROR;
				CLANG_WARN_DOCUMENTATION_COMMENTS = YES;
				CLANG_WARN_EMPTY_BODY = YES;
				CLANG_WARN_ENUM_CONVERSION = YES;
				CLANG_WARN_INFINITE_RECURSION = YES;
				CLANG_WARN_INT_CONVERSION = YES;
				CLANG_WARN_NON_LITERAL_NULL_CONVERSION = YES;
				CLANG_WARN_OBJC_IMPLICIT_RETAIN_SELF = YES;
				CLANG_WARN_OBJC_LITERAL_CONVERSION = YES;
				CLANG_WARN_OBJC_ROOT_CLASS = YES_ERROR;
				CLANG_WARN_QUOTED_INCLUDE_IN_FRAMEWORK_HEADER = YES;
				CLANG_WARN_RANGE_LOOP_ANALYSIS = YES;
				CLANG_WARN_STRICT_PROTOTYPES = YES;
				CLANG_WARN_SUSPICIOUS_MOVE = YES;
				CLANG_WARN_UNGUARDED_AVAILABILITY = YES_AGGRESSIVE;
				CLANG_WARN_UNREACHABLE_CODE = YES;
				CLANG_WARN__DUPLICATE_METHOD_MATCH = YES;
				COPY_PHASE_STRIP = NO;
				DEBUG_INFORMATION_FORMAT = dwarf;
				ENABLE_STRICT_OBJC_MSGSEND = YES;
				ENABLE_TESTABILITY = YES;
				GCC_C_LANGUAGE_STANDARD = gnu11;
				GCC_DYNAMIC_NO_PIC = NO;
				GCC_NO_COMMON_BLOCKS = YES;
				GCC_OPTIMIZATION_LEVEL = 0;
				GCC_PREPROCESSOR_DEFINITIONS = (
					"DEBUG=1",
					"$(inherited)",
				);
				GCC_WARN_64_TO_32_BIT_CONVERSION = YES;
				GCC_WARN_ABOUT_RETURN_TYPE = YES_ERROR;
				GCC_WARN_UNDECLARED_SELECTOR = YES;
				GCC_WARN_UNINITIALIZED_AUTOS = YES_AGGRESSIVE;
				GCC_WARN_UNUSED_FUNCTION = YES;
				GCC_WARN_UNUSED_VARIABLE = YES;
				IPHONEOS_DEPLOYMENT_TARGET = 15.0;
				MTL_ENABLE_DEBUG_INFO = INCLUDE_SOURCE;
				MTL_FAST_MATH = YES;
				ONLY_ACTIVE_ARCH = YES;
				SDKROOT = iphoneos;
				SWIFT_ACTIVE_COMPILATION_CONDITIONS = DEBUG;
				SWIFT_OPTIMIZATION_LEVEL = "-Onone";
			};
			name = Debug;
		};
		5F50AF61275E1CB0004B0045 /* Release */ = {
			isa = XCBuildConfiguration;
			buildSettings = {
				ALWAYS_SEARCH_USER_PATHS = NO;
				CLANG_ANALYZER_NONNULL = YES;
				CLANG_ANALYZER_NUMBER_OBJECT_CONVERSION = YES_AGGRESSIVE;
				CLANG_CXX_LANGUAGE_STANDARD = "gnu++17";
				CLANG_CXX_LIBRARY = "libc++";
				CLANG_ENABLE_MODULES = YES;
				CLANG_ENABLE_OBJC_ARC = YES;
				CLANG_ENABLE_OBJC_WEAK = YES;
				CLANG_WARN_BLOCK_CAPTURE_AUTORELEASING = YES;
				CLANG_WARN_BOOL_CONVERSION = YES;
				CLANG_WARN_COMMA = YES;
				CLANG_WARN_CONSTANT_CONVERSION = YES;
				CLANG_WARN_DEPRECATED_OBJC_IMPLEMENTATIONS = YES;
				CLANG_WARN_DIRECT_OBJC_ISA_USAGE = YES_ERROR;
				CLANG_WARN_DOCUMENTATION_COMMENTS = YES;
				CLANG_WARN_EMPTY_BODY = YES;
				CLANG_WARN_ENUM_CONVERSION = YES;
				CLANG_WARN_INFINITE_RECURSION = YES;
				CLANG_WARN_INT_CONVERSION = YES;
				CLANG_WARN_NON_LITERAL_NULL_CONVERSION = YES;
				CLANG_WARN_OBJC_IMPLICIT_RETAIN_SELF = YES;
				CLANG_WARN_OBJC_LITERAL_CONVERSION = YES;
				CLANG_WARN_OBJC_ROOT_CLASS = YES_ERROR;
				CLANG_WARN_QUOTED_INCLUDE_IN_FRAMEWORK_HEADER = YES;
				CLANG_WARN_RANGE_LOOP_ANALYSIS = YES;
				CLANG_WARN_STRICT_PROTOTYPES = YES;
				CLANG_WARN_SUSPICIOUS_MOVE = YES;
				CLANG_WARN_UNGUARDED_AVAILABILITY = YES_AGGRESSIVE;
				CLANG_WARN_UNREACHABLE_CODE = YES;
				CLANG_WARN__DUPLICATE_METHOD_MATCH = YES;
				COPY_PHASE_STRIP = NO;
				DEBUG_INFORMATION_FORMAT = "dwarf-with-dsym";
				ENABLE_NS_ASSERTIONS = NO;
				ENABLE_STRICT_OBJC_MSGSEND = YES;
				GCC_C_LANGUAGE_STANDARD = gnu11;
				GCC_NO_COMMON_BLOCKS = YES;
				GCC_WARN_64_TO_32_BIT_CONVERSION = YES;
				GCC_WARN_ABOUT_RETURN_TYPE = YES_ERROR;
				GCC_WARN_UNDECLARED_SELECTOR = YES;
				GCC_WARN_UNINITIALIZED_AUTOS = YES_AGGRESSIVE;
				GCC_WARN_UNUSED_FUNCTION = YES;
				GCC_WARN_UNUSED_VARIABLE = YES;
				IPHONEOS_DEPLOYMENT_TARGET = 15.0;
				MTL_ENABLE_DEBUG_INFO = NO;
				MTL_FAST_MATH = YES;
				SDKROOT = iphoneos;
				SWIFT_COMPILATION_MODE = wholemodule;
				SWIFT_OPTIMIZATION_LEVEL = "-O";
				VALIDATE_PRODUCT = YES;
			};
			name = Release;
		};
		5F50AF63275E1CB0004B0045 /* Debug */ = {
			isa = XCBuildConfiguration;
			buildSettings = {
				ASSETCATALOG_COMPILER_APPICON_NAME = AppIcon;
				ASSETCATALOG_COMPILER_GLOBAL_ACCENT_COLOR_NAME = AccentColor;
				CODE_SIGN_STYLE = Automatic;
				CURRENT_PROJECT_VERSION = 1;
				GENERATE_INFOPLIST_FILE = YES;
				INFOPLIST_FILE = Tipster/Info.plist;
				INFOPLIST_KEY_UIApplicationSupportsIndirectInputEvents = YES;
				INFOPLIST_KEY_UILaunchStoryboardName = LaunchScreen;
				INFOPLIST_KEY_UIMainStoryboardFile = Main;
				INFOPLIST_KEY_UISupportedInterfaceOrientations_iPad = "UIInterfaceOrientationPortrait UIInterfaceOrientationPortraitUpsideDown UIInterfaceOrientationLandscapeLeft UIInterfaceOrientationLandscapeRight";
				INFOPLIST_KEY_UISupportedInterfaceOrientations_iPhone = "UIInterfaceOrientationPortrait UIInterfaceOrientationLandscapeLeft UIInterfaceOrientationLandscapeRight";
				LD_RUNPATH_SEARCH_PATHS = (
					"$(inherited)",
					"@executable_path/Frameworks",
				);
				MARKETING_VERSION = 1.0;
				PRODUCT_BUNDLE_IDENTIFIER = lamia.Tipster;
				PRODUCT_NAME = "$(TARGET_NAME)";
				SWIFT_EMIT_LOC_STRINGS = YES;
				SWIFT_VERSION = 5.0;
				TARGETED_DEVICE_FAMILY = "1,2";
			};
			name = Debug;
		};
		5F50AF64275E1CB0004B0045 /* Release */ = {
			isa = XCBuildConfiguration;
			buildSettings = {
				ASSETCATALOG_COMPILER_APPICON_NAME = AppIcon;
				ASSETCATALOG_COMPILER_GLOBAL_ACCENT_COLOR_NAME = AccentColor;
				CODE_SIGN_STYLE = Automatic;
				CURRENT_PROJECT_VERSION = 1;
				GENERATE_INFOPLIST_FILE = YES;
				INFOPLIST_FILE = Tipster/Info.plist;
				INFOPLIST_KEY_UIApplicationSupportsIndirectInputEvents = YES;
				INFOPLIST_KEY_UILaunchStoryboardName = LaunchScreen;
				INFOPLIST_KEY_UIMainStoryboardFile = Main;
				INFOPLIST_KEY_UISupportedInterfaceOrientations_iPad = "UIInterfaceOrientationPortrait UIInterfaceOrientationPortraitUpsideDown UIInterfaceOrientationLandscapeLeft UIInterfaceOrientationLandscapeRight";
				INFOPLIST_KEY_UISupportedInterfaceOrientations_iPhone = "UIInterfaceOrientationPortrait UIInterfaceOrientationLandscapeLeft UIInterfaceOrientationLandscapeRight";
				LD_RUNPATH_SEARCH_PATHS = (
					"$(inherited)",
					"@executable_path/Frameworks",
				);
				MARKETING_VERSION = 1.0;
				PRODUCT_BUNDLE_IDENTIFIER = lamia.Tipster;
				PRODUCT_NAME = "$(TARGET_NAME)";
				SWIFT_EMIT_LOC_STRINGS = YES;
				SWIFT_VERSION = 5.0;
				TARGETED_DEVICE_FAMILY = "1,2";
			};
			name = Release;
		};
		5F50AF66275E1CB0004B0045 /* Debug */ = {
			isa = XCBuildConfiguration;
			buildSettings = {
				ALWAYS_EMBED_SWIFT_STANDARD_LIBRARIES = YES;
				BUNDLE_LOADER = "$(TEST_HOST)";
				CODE_SIGN_STYLE = Automatic;
				CURRENT_PROJECT_VERSION = 1;
				GENERATE_INFOPLIST_FILE = YES;
				IPHONEOS_DEPLOYMENT_TARGET = 15.0;
				LD_RUNPATH_SEARCH_PATHS = (
					"$(inherited)",
					"@executable_path/Frameworks",
					"@loader_path/Frameworks",
				);
				MARKETING_VERSION = 1.0;
				PRODUCT_BUNDLE_IDENTIFIER = lamia.TipsterTests;
				PRODUCT_NAME = "$(TARGET_NAME)";
				SWIFT_EMIT_LOC_STRINGS = NO;
				SWIFT_VERSION = 5.0;
				TARGETED_DEVICE_FAMILY = "1,2";
				TEST_HOST = "$(BUILT_PRODUCTS_DIR)/Tipster.app/Tipster";
			};
			name = Debug;
		};
		5F50AF67275E1CB0004B0045 /* Release */ = {
			isa = XCBuildConfiguration;
			buildSettings = {
				ALWAYS_EMBED_SWIFT_STANDARD_LIBRARIES = YES;
				BUNDLE_LOADER = "$(TEST_HOST)";
				CODE_SIGN_STYLE = Automatic;
				CURRENT_PROJECT_VERSION = 1;
				GENERATE_INFOPLIST_FILE = YES;
				IPHONEOS_DEPLOYMENT_TARGET = 15.0;
				LD_RUNPATH_SEARCH_PATHS = (
					"$(inherited)",
					"@executable_path/Frameworks",
					"@loader_path/Frameworks",
				);
				MARKETING_VERSION = 1.0;
				PRODUCT_BUNDLE_IDENTIFIER = lamia.TipsterTests;
				PRODUCT_NAME = "$(TARGET_NAME)";
				SWIFT_EMIT_LOC_STRINGS = NO;
				SWIFT_VERSION = 5.0;
				TARGETED_DEVICE_FAMILY = "1,2";
				TEST_HOST = "$(BUILT_PRODUCTS_DIR)/Tipster.app/Tipster";
			};
			name = Release;
		};
		5F50AF69275E1CB0004B0045 /* Debug */ = {
			isa = XCBuildConfiguration;
			buildSettings = {
				ALWAYS_EMBED_SWIFT_STANDARD_LIBRARIES = YES;
				CODE_SIGN_STYLE = Automatic;
				CURRENT_PROJECT_VERSION = 1;
				GENERATE_INFOPLIST_FILE = YES;
				LD_RUNPATH_SEARCH_PATHS = (
					"$(inherited)",
					"@executable_path/Frameworks",
					"@loader_path/Frameworks",
				);
				MARKETING_VERSION = 1.0;
				PRODUCT_BUNDLE_IDENTIFIER = lamia.TipsterUITests;
				PRODUCT_NAME = "$(TARGET_NAME)";
				SWIFT_EMIT_LOC_STRINGS = NO;
				SWIFT_VERSION = 5.0;
				TARGETED_DEVICE_FAMILY = "1,2";
				TEST_TARGET_NAME = Tipster;
			};
			name = Debug;
		};
		5F50AF6A275E1CB0004B0045 /* Release */ = {
			isa = XCBuildConfiguration;
			buildSettings = {
				ALWAYS_EMBED_SWIFT_STANDARD_LIBRARIES = YES;
				CODE_SIGN_STYLE = Automatic;
				CURRENT_PROJECT_VERSION = 1;
				GENERATE_INFOPLIST_FILE = YES;
				LD_RUNPATH_SEARCH_PATHS = (
					"$(inherited)",
					"@executable_path/Frameworks",
					"@loader_path/Frameworks",
				);
				MARKETING_VERSION = 1.0;
				PRODUCT_BUNDLE_IDENTIFIER = lamia.TipsterUITests;
				PRODUCT_NAME = "$(TARGET_NAME)";
				SWIFT_EMIT_LOC_STRINGS = NO;
				SWIFT_VERSION = 5.0;
				TARGETED_DEVICE_FAMILY = "1,2";
				TEST_TARGET_NAME = Tipster;
			};
			name = Release;
		};
/* End XCBuildConfiguration section */

/* Begin XCConfigurationList section */
		5F50AF33275E1CA6004B0045 /* Build configuration list for PBXProject "Tipster" */ = {
			isa = XCConfigurationList;
			buildConfigurations = (
				5F50AF60275E1CB0004B0045 /* Debug */,
				5F50AF61275E1CB0004B0045 /* Release */,
			);
			defaultConfigurationIsVisible = 0;
			defaultConfigurationName = Release;
		};
		5F50AF62275E1CB0004B0045 /* Build configuration list for PBXNativeTarget "Tipster" */ = {
			isa = XCConfigurationList;
			buildConfigurations = (
				5F50AF63275E1CB0004B0045 /* Debug */,
				5F50AF64275E1CB0004B0045 /* Release */,
			);
			defaultConfigurationIsVisible = 0;
			defaultConfigurationName = Release;
		};
		5F50AF65275E1CB0004B0045 /* Build configuration list for PBXNativeTarget "TipsterTests" */ = {
			isa = XCConfigurationList;
			buildConfigurations = (
				5F50AF66275E1CB0004B0045 /* Debug */,
				5F50AF67275E1CB0004B0045 /* Release */,
			);
			defaultConfigurationIsVisible = 0;
			defaultConfigurationName = Release;
		};
		5F50AF68275E1CB0004B0045 /* Build configuration list for PBXNativeTarget "TipsterUITests" */ = {
			isa = XCConfigurationList;
			buildConfigurations = (
				5F50AF69275E1CB0004B0045 /* Debug */,
				5F50AF6A275E1CB0004B0045 /* Release */,
			);
			defaultConfigurationIsVisible = 0;
			defaultConfigurationName = Release;
		};
/* End XCConfigurationList section */
	};
	rootObject = 5F50AF30275E1CA6004B0045 /* Project object */;
}
